// !$*UTF8*$!
{
	archiveVersion = 1;
	classes = {
	};
	objectVersion = 77;
	objects = {

/* Begin PBXContainerItemProxy section */
		E71C30502EA42EC9002EB506 /* PBXContainerItemProxy */ = {
			isa = PBXContainerItemProxy;
			containerPortal = E71C30312EA42EC6002EB506 /* Project object */;
			proxyType = 1;
			remoteGlobalIDString = E71C30382EA42EC6002EB506;
			remoteInfo = Assignment5;
		};
		E71C305A2EA42EC9002EB506 /* PBXContainerItemProxy */ = {
			isa = PBXContainerItemProxy;
			containerPortal = E71C30312EA42EC6002EB506 /* Project object */;
			proxyType = 1;
			remoteGlobalIDString = E71C30382EA42EC6002EB506;
			remoteInfo = Assignment5;
		};
/* End PBXContainerItemProxy section */

/* Begin PBXFileReference section */
		E71C30392EA42EC6002EB506 /* Assignment5.app */ = {isa = PBXFileReference; explicitFileType = wrapper.application; includeInIndex = 0; path = Assignment5.app; sourceTree = BUILT_PRODUCTS_DIR; };
		E71C304F2EA42EC9002EB506 /* Assignment5Tests.xctest */ = {isa = PBXFileReference; explicitFileType = wrapper.cfbundle; includeInIndex = 0; path = Assignment5Tests.xctest; sourceTree = BUILT_PRODUCTS_DIR; };
		E71C30592EA42EC9002EB506 /* Assignment5UITests.xctest */ = {isa = PBXFileReference; explicitFileType = wrapper.cfbundle; includeInIndex = 0; path = Assignment5UITests.xctest; sourceTree = BUILT_PRODUCTS_DIR; };
/* End PBXFileReference section */

/* Begin PBXFileSystemSynchronizedBuildFileExceptionSet section */
		E71C30612EA42EC9002EB506 /* Exceptions for "Assignment5" folder in "Assignment5" target */ = {
			isa = PBXFileSystemSynchronizedBuildFileExceptionSet;
			membershipExceptions = (
				Info.plist,
			);
			target = E71C30382EA42EC6002EB506 /* Assignment5 */;
		};
/* End PBXFileSystemSynchronizedBuildFileExceptionSet section */

/* Begin PBXFileSystemSynchronizedRootGroup section */
		E71C303B2EA42EC6002EB506 /* Assignment5 */ = {
			isa = PBXFileSystemSynchronizedRootGroup;
			exceptions = (
				E71C30612EA42EC9002EB506 /* Exceptions for "Assignment5" folder in "Assignment5" target */,
			);
			path = Assignment5;
			sourceTree = "<group>";
		};
		E71C30522EA42EC9002EB506 /* Assignment5Tests */ = {
			isa = PBXFileSystemSynchronizedRootGroup;
			path = Assignment5Tests;
			sourceTree = "<group>";
		};
		E71C305C2EA42EC9002EB506 /* Assignment5UITests */ = {
			isa = PBXFileSystemSynchronizedRootGroup;
			path = Assignment5UITests;
			sourceTree = "<group>";
		};
/* End PBXFileSystemSynchronizedRootGroup section */

/* Begin PBXFrameworksBuildPhase section */
		E71C30362EA42EC6002EB506 /* Frameworks */ = {
			isa = PBXFrameworksBuildPhase;
			buildActionMask = 2147483647;
			files = (
			);
			runOnlyForDeploymentPostprocessing = 0;
		};
		E71C304C2EA42EC9002EB506 /* Frameworks */ = {
			isa = PBXFrameworksBuildPhase;
			buildActionMask = 2147483647;
			files = (
			);
			runOnlyForDeploymentPostprocessing = 0;
		};
		E71C30562EA42EC9002EB506 /* Frameworks */ = {
			isa = PBXFrameworksBuildPhase;
			buildActionMask = 2147483647;
			files = (
			);
			runOnlyForDeploymentPostprocessing = 0;
		};
/* End PBXFrameworksBuildPhase section */

/* Begin PBXGroup section */
		E71C30302EA42EC6002EB506 = {
			isa = PBXGroup;
			children = (
				E71C303B2EA42EC6002EB506 /* Assignment5 */,
				E71C30522EA42EC9002EB506 /* Assignment5Tests */,
				E71C305C2EA42EC9002EB506 /* Assignment5UITests */,
				E71C303A2EA42EC6002EB506 /* Products */,
			);
			sourceTree = "<group>";
		};
		E71C303A2EA42EC6002EB506 /* Products */ = {
			isa = PBXGroup;
			children = (
				E71C30392EA42EC6002EB506 /* Assignment5.app */,
				E71C304F2EA42EC9002EB506 /* Assignment5Tests.xctest */,
				E71C30592EA42EC9002EB506 /* Assignment5UITests.xctest */,
			);
			name = Products;
			sourceTree = "<group>";
		};
/* End PBXGroup section */

/* Begin PBXNativeTarget section */
		E71C30382EA42EC6002EB506 /* Assignment5 */ = {
			isa = PBXNativeTarget;
			buildConfigurationList = E71C30622EA42EC9002EB506 /* Build configuration list for PBXNativeTarget "Assignment5" */;
			buildPhases = (
				E71C30352EA42EC6002EB506 /* Sources */,
				E71C30362EA42EC6002EB506 /* Frameworks */,
				E71C30372EA42EC6002EB506 /* Resources */,
			);
			buildRules = (
			);
			dependencies = (
			);
			fileSystemSynchronizedGroups = (
				E71C303B2EA42EC6002EB506 /* Assignment5 */,
			);
			name = Assignment5;
			packageProductDependencies = (
			);
			productName = Assignment5;
			productReference = E71C30392EA42EC6002EB506 /* Assignment5.app */;
			productType = "com.apple.product-type.application";
		};
		E71C304E2EA42EC9002EB506 /* Assignment5Tests */ = {
			isa = PBXNativeTarget;
			buildConfigurationList = E71C30672EA42EC9002EB506 /* Build configuration list for PBXNativeTarget "Assignment5Tests" */;
			buildPhases = (
				E71C304B2EA42EC9002EB506 /* Sources */,
				E71C304C2EA42EC9002EB506 /* Frameworks */,
				E71C304D2EA42EC9002EB506 /* Resources */,
			);
			buildRules = (
			);
			dependencies = (
				E71C30512EA42EC9002EB506 /* PBXTargetDependency */,
			);
			fileSystemSynchronizedGroups = (
				E71C30522EA42EC9002EB506 /* Assignment5Tests */,
			);
			name = Assignment5Tests;
			packageProductDependencies = (
			);
			productName = Assignment5Tests;
			productReference = E71C304F2EA42EC9002EB506 /* Assignment5Tests.xctest */;
			productType = "com.apple.product-type.bundle.unit-test";
		};
		E71C30582EA42EC9002EB506 /* Assignment5UITests */ = {
			isa = PBXNativeTarget;
			buildConfigurationList = E71C306A2EA42EC9002EB506 /* Build configuration list for PBXNativeTarget "Assignment5UITests" */;
			buildPhases = (
				E71C30552EA42EC9002EB506 /* Sources */,
				E71C30562EA42EC9002EB506 /* Frameworks */,
				E71C30572EA42EC9002EB506 /* Resources */,
			);
			buildRules = (
			);
			dependencies = (
				E71C305B2EA42EC9002EB506 /* PBXTargetDependency */,
			);
			fileSystemSynchronizedGroups = (
				E71C305C2EA42EC9002EB506 /* Assignment5UITests */,
			);
			name = Assignment5UITests;
			packageProductDependencies = (
			);
			productName = Assignment5UITests;
			productReference = E71C30592EA42EC9002EB506 /* Assignment5UITests.xctest */;
			productType = "com.apple.product-type.bundle.ui-testing";
		};
/* End PBXNativeTarget section */

/* Begin PBXProject section */
		E71C30312EA42EC6002EB506 /* Project object */ = {
			isa = PBXProject;
			attributes = {
				BuildIndependentTargetsInParallel = 1;
				LastSwiftUpdateCheck = 1640;
				LastUpgradeCheck = 1640;
				TargetAttributes = {
					E71C30382EA42EC6002EB506 = {
						CreatedOnToolsVersion = 16.4;
					};
					E71C304E2EA42EC9002EB506 = {
						CreatedOnToolsVersion = 16.4;
						TestTargetID = E71C30382EA42EC6002EB506;
					};
					E71C30582EA42EC9002EB506 = {
						CreatedOnToolsVersion = 16.4;
						TestTargetID = E71C30382EA42EC6002EB506;
					};
				};
			};
			buildConfigurationList = E71C30342EA42EC6002EB506 /* Build configuration list for PBXProject "Assignment5" */;
			developmentRegion = en;
			hasScannedForEncodings = 0;
			knownRegions = (
				en,
				Base,
			);
			mainGroup = E71C30302EA42EC6002EB506;
			minimizedProjectReferenceProxies = 1;
			preferredProjectObjectVersion = 77;
			productRefGroup = E71C303A2EA42EC6002EB506 /* Products */;
			projectDirPath = "";
			projectRoot = "";
			targets = (
				E71C30382EA42EC6002EB506 /* Assignment5 */,
				E71C304E2EA42EC9002EB506 /* Assignment5Tests */,
				E71C30582EA42EC9002EB506 /* Assignment5UITests */,
			);
		};
/* End PBXProject section */

/* Begin PBXResourcesBuildPhase section */
		E71C30372EA42EC6002EB506 /* Resources */ = {
			isa = PBXResourcesBuildPhase;
			buildActionMask = 2147483647;
			files = (
			);
			runOnlyForDeploymentPostprocessing = 0;
		};
		E71C304D2EA42EC9002EB506 /* Resources */ = {
			isa = PBXResourcesBuildPhase;
			buildActionMask = 2147483647;
			files = (
			);
			runOnlyForDeploymentPostprocessing = 0;
		};
		E71C30572EA42EC9002EB506 /* Resources */ = {
			isa = PBXResourcesBuildPhase;
			buildActionMask = 2147483647;
			files = (
			);
			runOnlyForDeploymentPostprocessing = 0;
		};
/* End PBXResourcesBuildPhase section */

/* Begin PBXSourcesBuildPhase section */
		E71C30352EA42EC6002EB506 /* Sources */ = {
			isa = PBXSourcesBuildPhase;
			buildActionMask = 2147483647;
			files = (
			);
			runOnlyForDeploymentPostprocessing = 0;
		};
		E71C304B2EA42EC9002EB506 /* Sources */ = {
			isa = PBXSourcesBuildPhase;
			buildActionMask = 2147483647;
			files = (
			);
			runOnlyForDeploymentPostprocessing = 0;
		};
		E71C30552EA42EC9002EB506 /* Sources */ = {
			isa = PBXSourcesBuildPhase;
			buildActionMask = 2147483647;
			files = (
			);
			runOnlyForDeploymentPostprocessing = 0;
		};
/* End PBXSourcesBuildPhase section */

/* Begin PBXTargetDependency section */
		E71C30512EA42EC9002EB506 /* PBXTargetDependency */ = {
			isa = PBXTargetDependency;
			target = E71C30382EA42EC6002EB506 /* Assignment5 */;
			targetProxy = E71C30502EA42EC9002EB506 /* PBXContainerItemProxy */;
		};
		E71C305B2EA42EC9002EB506 /* PBXTargetDependency */ = {
			isa = PBXTargetDependency;
			target = E71C30382EA42EC6002EB506 /* Assignment5 */;
			targetProxy = E71C305A2EA42EC9002EB506 /* PBXContainerItemProxy */;
		};
/* End PBXTargetDependency section */

/* Begin XCBuildConfiguration section */
		E71C30632EA42EC9002EB506 /* Debug */ = {
			isa = XCBuildConfiguration;
			buildSettings = {
				ASSETCATALOG_COMPILER_APPICON_NAME = AppIcon;
				ASSETCATALOG_COMPILER_GLOBAL_ACCENT_COLOR_NAME = AccentColor;
				CODE_SIGN_STYLE = Automatic;
				CURRENT_PROJECT_VERSION = 1;
				GENERATE_INFOPLIST_FILE = YES;
				INFOPLIST_FILE = Assignment5/Info.plist;
				INFOPLIST_KEY_UIApplicationSupportsIndirectInputEvents = YES;
				INFOPLIST_KEY_UILaunchStoryboardName = LaunchScreen;
				INFOPLIST_KEY_UISupportedInterfaceOrientations_iPad = "UIInterfaceOrientationPortrait UIInterfaceOrientationPortraitUpsideDown UIInterfaceOrientationLandscapeLeft UIInterfaceOrientationLandscapeRight";
				INFOPLIST_KEY_UISupportedInterfaceOrientations_iPhone = "UIInterfaceOrientationPortrait UIInterfaceOrientationLandscapeLeft UIInterfaceOrientationLandscapeRight";
				LD_RUNPATH_SEARCH_PATHS = (
					"$(inherited)",
					"@executable_path/Frameworks",
				);
				MARKETING_VERSION = 1.0;
				PRODUCT_BUNDLE_IDENTIFIER = "com.harcho-228.Assignment5";
				PRODUCT_NAME = "$(TARGET_NAME)";
				SWIFT_EMIT_LOC_STRINGS = YES;
				SWIFT_VERSION = 5.0;
				TARGETED_DEVICE_FAMILY = "1,2";
			};
			name = Debug;
		};
		E71C30642EA42EC9002EB506 /* Release */ = {
			isa = XCBuildConfiguration;
			buildSettings = {
				ASSETCATALOG_COMPILER_APPICON_NAME = AppIcon;
				ASSETCATALOG_COMPILER_GLOBAL_ACCENT_COLOR_NAME = AccentColor;
				CODE_SIGN_STYLE = Automatic;
				CURRENT_PROJECT_VERSION = 1;
				GENERATE_INFOPLIST_FILE = YES;
				INFOPLIST_FILE = Assignment5/Info.plist;
				INFOPLIST_KEY_UIApplicationSupportsIndirectInputEvents = YES;
				INFOPLIST_KEY_UILaunchStoryboardName = LaunchScreen;
				INFOPLIST_KEY_UISupportedInterfaceOrientations_iPad = "UIInterfaceOrientationPortrait UIInterfaceOrientationPortraitUpsideDown UIInterfaceOrientationLandscapeLeft UIInterfaceOrientationLandscapeRight";
				INFOPLIST_KEY_UISupportedInterfaceOrientations_iPhone = "UIInterfaceOrientationPortrait UIInterfaceOrientationLandscapeLeft UIInterfaceOrientationLandscapeRight";
				LD_RUNPATH_SEARCH_PATHS = (
					"$(inherited)",
					"@executable_path/Frameworks",
				);
				MARKETING_VERSION = 1.0;
				PRODUCT_BUNDLE_IDENTIFIER = "com.harcho-228.Assignment5";
				PRODUCT_NAME = "$(TARGET_NAME)";
				SWIFT_EMIT_LOC_STRINGS = YES;
				SWIFT_VERSION = 5.0;
				TARGETED_DEVICE_FAMILY = "1,2";
			};
			name = Release;
		};
		E71C30652EA42EC9002EB506 /* Debug */ = {
			isa = XCBuildConfiguration;
			buildSettings = {
				ALWAYS_SEARCH_USER_PATHS = NO;
				ASSETCATALOG_COMPILER_GENERATE_SWIFT_ASSET_SYMBOL_EXTENSIONS = YES;
				CLANG_ANALYZER_NONNULL = YES;
				CLANG_ANALYZER_NUMBER_OBJECT_CONVERSION = YES_AGGRESSIVE;
				CLANG_CXX_LANGUAGE_STANDARD = "gnu++20";
				CLANG_ENABLE_MODULES = YES;
				CLANG_ENABLE_OBJC_ARC = YES;
				CLANG_ENABLE_OBJC_WEAK = YES;
				CLANG_WARN_BLOCK_CAPTURE_AUTORELEASING = YES;
				CLANG_WARN_BOOL_CONVERSION = YES;
				CLANG_WARN_COMMA = YES;
				CLANG_WARN_CONSTANT_CONVERSION = YES;
				CLANG_WARN_DEPRECATED_OBJC_IMPLEMENTATIONS = YES;
				CLANG_WARN_DIRECT_OBJC_ISA_USAGE = YES_ERROR;
				CLANG_WARN_DOCUMENTATION_COMMENTS = YES;
				CLANG_WARN_EMPTY_BODY = YES;
				CLANG_WARN_ENUM_CONVERSION = YES;
				CLANG_WARN_INFINITE_RECURSION = YES;
				CLANG_WARN_INT_CONVERSION = YES;
				CLANG_WARN_NON_LITERAL_NULL_CONVERSION = YES;
				CLANG_WARN_OBJC_IMPLICIT_RETAIN_SELF = YES;
				CLANG_WARN_OBJC_LITERAL_CONVERSION = YES;
				CLANG_WARN_OBJC_ROOT_CLASS = YES_ERROR;
				CLANG_WARN_QUOTED_INCLUDE_IN_FRAMEWORK_HEADER = YES;
				CLANG_WARN_RANGE_LOOP_ANALYSIS = YES;
				CLANG_WARN_STRICT_PROTOTYPES = YES;
				CLANG_WARN_SUSPICIOUS_MOVE = YES;
				CLANG_WARN_UNGUARDED_AVAILABILITY = YES_AGGRESSIVE;
				CLANG_WARN_UNREACHABLE_CODE = YES;
				CLANG_WARN__DUPLICATE_METHOD_MATCH = YES;
				COPY_PHASE_STRIP = NO;
				DEBUG_INFORMATION_FORMAT = dwarf;
				ENABLE_STRICT_OBJC_MSGSEND = YES;
				ENABLE_TESTABILITY = YES;
				ENABLE_USER_SCRIPT_SANDBOXING = YES;
				GCC_C_LANGUAGE_STANDARD = gnu17;
				GCC_DYNAMIC_NO_PIC = NO;
				GCC_NO_COMMON_BLOCKS = YES;
				GCC_OPTIMIZATION_LEVEL = 0;
				GCC_PREPROCESSOR_DEFINITIONS = (
					"DEBUG=1",
					"$(inherited)",
				);
				GCC_WARN_64_TO_32_BIT_CONVERSION = YES;
				GCC_WARN_ABOUT_RETURN_TYPE = YES_ERROR;
				GCC_WARN_UNDECLARED_SELECTOR = YES;
				GCC_WARN_UNINITIALIZED_AUTOS = YES_AGGRESSIVE;
				GCC_WARN_UNUSED_FUNCTION = YES;
				GCC_WARN_UNUSED_VARIABLE = YES;
				IPHONEOS_DEPLOYMENT_TARGET = 18.5;
				LOCALIZATION_PREFERS_STRING_CATALOGS = YES;
				MTL_ENABLE_DEBUG_INFO = INCLUDE_SOURCE;
				MTL_FAST_MATH = YES;
				ONLY_ACTIVE_ARCH = YES;
				SDKROOT = iphoneos;
				SWIFT_ACTIVE_COMPILATION_CONDITIONS = "DEBUG $(inherited)";
				SWIFT_OPTIMIZATION_LEVEL = "-Onone";
			};
			name = Debug;
		};
		E71C30662EA42EC9002EB506 /* Release */ = {
			isa = XCBuildConfiguration;
			buildSettings = {
				ALWAYS_SEARCH_USER_PATHS = NO;
				ASSETCATALOG_COMPILER_GENERATE_SWIFT_ASSET_SYMBOL_EXTENSIONS = YES;
				CLANG_ANALYZER_NONNULL = YES;
				CLANG_ANALYZER_NUMBER_OBJECT_CONVERSION = YES_AGGRESSIVE;
				CLANG_CXX_LANGUAGE_STANDARD = "gnu++20";
				CLANG_ENABLE_MODULES = YES;
				CLANG_ENABLE_OBJC_ARC = YES;
				CLANG_ENABLE_OBJC_WEAK = YES;
				CLANG_WARN_BLOCK_CAPTURE_AUTORELEASING = YES;
				CLANG_WARN_BOOL_CONVERSION = YES;
				CLANG_WARN_COMMA = YES;
				CLANG_WARN_CONSTANT_CONVERSION = YES;
				CLANG_WARN_DEPRECATED_OBJC_IMPLEMENTATIONS = YES;
				CLANG_WARN_DIRECT_OBJC_ISA_USAGE = YES_ERROR;
				CLANG_WARN_DOCUMENTATION_COMMENTS = YES;
				CLANG_WARN_EMPTY_BODY = YES;
				CLANG_WARN_ENUM_CONVERSION = YES;
				CLANG_WARN_INFINITE_RECURSION = YES;
				CLANG_WARN_INT_CONVERSION = YES;
				CLANG_WARN_NON_LITERAL_NULL_CONVERSION = YES;
				CLANG_WARN_OBJC_IMPLICIT_RETAIN_SELF = YES;
				CLANG_WARN_OBJC_LITERAL_CONVERSION = YES;
				CLANG_WARN_OBJC_ROOT_CLASS = YES_ERROR;
				CLANG_WARN_QUOTED_INCLUDE_IN_FRAMEWORK_HEADER = YES;
				CLANG_WARN_RANGE_LOOP_ANALYSIS = YES;
				CLANG_WARN_STRICT_PROTOTYPES = YES;
				CLANG_WARN_SUSPICIOUS_MOVE = YES;
				CLANG_WARN_UNGUARDED_AVAILABILITY = YES_AGGRESSIVE;
				CLANG_WARN_UNREACHABLE_CODE = YES;
				CLANG_WARN__DUPLICATE_METHOD_MATCH = YES;
				COPY_PHASE_STRIP = NO;
				DEBUG_INFORMATION_FORMAT = "dwarf-with-dsym";
				ENABLE_NS_ASSERTIONS = NO;
				ENABLE_STRICT_OBJC_MSGSEND = YES;
				ENABLE_USER_SCRIPT_SANDBOXING = YES;
				GCC_C_LANGUAGE_STANDARD = gnu17;
				GCC_NO_COMMON_BLOCKS = YES;
				GCC_WARN_64_TO_32_BIT_CONVERSION = YES;
				GCC_WARN_ABOUT_RETURN_TYPE = YES_ERROR;
				GCC_WARN_UNDECLARED_SELECTOR = YES;
				GCC_WARN_UNINITIALIZED_AUTOS = YES_AGGRESSIVE;
				GCC_WARN_UNUSED_FUNCTION = YES;
				GCC_WARN_UNUSED_VARIABLE = YES;
				IPHONEOS_DEPLOYMENT_TARGET = 18.5;
				LOCALIZATION_PREFERS_STRING_CATALOGS = YES;
				MTL_ENABLE_DEBUG_INFO = NO;
				MTL_FAST_MATH = YES;
				SDKROOT = iphoneos;
				SWIFT_COMPILATION_MODE = wholemodule;
				VALIDATE_PRODUCT = YES;
			};
			name = Release;
		};
		E71C30682EA42EC9002EB506 /* Debug */ = {
			isa = XCBuildConfiguration;
			buildSettings = {
				BUNDLE_LOADER = "$(TEST_HOST)";
				CODE_SIGN_STYLE = Automatic;
				CURRENT_PROJECT_VERSION = 1;
				GENERATE_INFOPLIST_FILE = YES;
				IPHONEOS_DEPLOYMENT_TARGET = 18.5;
				MARKETING_VERSION = 1.0;
				PRODUCT_BUNDLE_IDENTIFIER = "com.harcho-228.Assignment5Tests";
				PRODUCT_NAME = "$(TARGET_NAME)";
				SWIFT_EMIT_LOC_STRINGS = NO;
				SWIFT_VERSION = 5.0;
				TARGETED_DEVICE_FAMILY = "1,2";
				TEST_HOST = "$(BUILT_PRODUCTS_DIR)/Assignment5.app/$(BUNDLE_EXECUTABLE_FOLDER_PATH)/Assignment5";
			};
			name = Debug;
		};
		E71C30692EA42EC9002EB506 /* Release */ = {
			isa = XCBuildConfiguration;
			buildSettings = {
				BUNDLE_LOADER = "$(TEST_HOST)";
				CODE_SIGN_STYLE = Automatic;
				CURRENT_PROJECT_VERSION = 1;
				GENERATE_INFOPLIST_FILE = YES;
				IPHONEOS_DEPLOYMENT_TARGET = 18.5;
				MARKETING_VERSION = 1.0;
				PRODUCT_BUNDLE_IDENTIFIER = "com.harcho-228.Assignment5Tests";
				PRODUCT_NAME = "$(TARGET_NAME)";
				SWIFT_EMIT_LOC_STRINGS = NO;
				SWIFT_VERSION = 5.0;
				TARGETED_DEVICE_FAMILY = "1,2";
				TEST_HOST = "$(BUILT_PRODUCTS_DIR)/Assignment5.app/$(BUNDLE_EXECUTABLE_FOLDER_PATH)/Assignment5";
			};
			name = Release;
		};
		E71C306B2EA42EC9002EB506 /* Debug */ = {
			isa = XCBuildConfiguration;
			buildSettings = {
				CODE_SIGN_STYLE = Automatic;
				CURRENT_PROJECT_VERSION = 1;
				GENERATE_INFOPLIST_FILE = YES;
				MARKETING_VERSION = 1.0;
				PRODUCT_BUNDLE_IDENTIFIER = "com.harcho-228.Assignment5UITests";
				PRODUCT_NAME = "$(TARGET_NAME)";
				SWIFT_EMIT_LOC_STRINGS = NO;
				SWIFT_VERSION = 5.0;
				TARGETED_DEVICE_FAMILY = "1,2";
				TEST_TARGET_NAME = Assignment5;
			};
			name = Debug;
		};
		E71C306C2EA42EC9002EB506 /* Release */ = {
			isa = XCBuildConfiguration;
			buildSettings = {
				CODE_SIGN_STYLE = Automatic;
				CURRENT_PROJECT_VERSION = 1;
				GENERATE_INFOPLIST_FILE = YES;
				MARKETING_VERSION = 1.0;
				PRODUCT_BUNDLE_IDENTIFIER = "com.harcho-228.Assignment5UITests";
				PRODUCT_NAME = "$(TARGET_NAME)";
				SWIFT_EMIT_LOC_STRINGS = NO;
				SWIFT_VERSION = 5.0;
				TARGETED_DEVICE_FAMILY = "1,2";
				TEST_TARGET_NAME = Assignment5;
			};
			name = Release;
		};
/* End XCBuildConfiguration section */

/* Begin XCConfigurationList section */
		E71C30342EA42EC6002EB506 /* Build configuration list for PBXProject "Assignment5" */ = {
			isa = XCConfigurationList;
			buildConfigurations = (
				E71C30652EA42EC9002EB506 /* Debug */,
				E71C30662EA42EC9002EB506 /* Release */,
			);
			defaultConfigurationIsVisible = 0;
			defaultConfigurationName = Release;
		};
		E71C30622EA42EC9002EB506 /* Build configuration list for PBXNativeTarget "Assignment5" */ = {
			isa = XCConfigurationList;
			buildConfigurations = (
				E71C30632EA42EC9002EB506 /* Debug */,
				E71C30642EA42EC9002EB506 /* Release */,
			);
			defaultConfigurationIsVisible = 0;
			defaultConfigurationName = Release;
		};
		E71C30672EA42EC9002EB506 /* Build configuration list for PBXNativeTarget "Assignment5Tests" */ = {
			isa = XCConfigurationList;
			buildConfigurations = (
				E71C30682EA42EC9002EB506 /* Debug */,
				E71C30692EA42EC9002EB506 /* Release */,
			);
			defaultConfigurationIsVisible = 0;
			defaultConfigurationName = Release;
		};
		E71C306A2EA42EC9002EB506 /* Build configuration list for PBXNativeTarget "Assignment5UITests" */ = {
			isa = XCConfigurationList;
			buildConfigurations = (
				E71C306B2EA42EC9002EB506 /* Debug */,
				E71C306C2EA42EC9002EB506 /* Release */,
			);
			defaultConfigurationIsVisible = 0;
			defaultConfigurationName = Release;
		};
/* End XCConfigurationList section */
	};
	rootObject = E71C30312EA42EC6002EB506 /* Project object */;
}
